// !$*UTF8*$!
{
	archiveVersion = 1;
	classes = {
	};
	objectVersion = 77;
	objects = {

/* Begin PBXContainerItemProxy section */
		E54EE34B2F83ECEC0021BD34 /* PBXContainerItemProxy */ = {
			isa = PBXContainerItemProxy;
			containerPortal = E54EE3352F83ECEA0021BD34 /* Project object */;
			proxyType = 1;
			remoteGlobalIDString = E54EE33C2F83ECEA0021BD34;
			remoteInfo = nanga;
		};
		E54EE3552F83ECEC0021BD34 /* PBXContainerItemProxy */ = {
			isa = PBXContainerItemProxy;
			containerPortal = E54EE3352F83ECEA0021BD34 /* Project object */;
			proxyType = 1;
			remoteGlobalIDString = E54EE33C2F83ECEA0021BD34;
			remoteInfo = nanga;
		};
/* End PBXContainerItemProxy section */

/* Begin PBXFileReference section */
		E54EE33D2F83ECEA0021BD34 /* nanga.app */ = {isa = PBXFileReference; explicitFileType = wrapper.application; includeInIndex = 0; path = nanga.app; sourceTree = BUILT_PRODUCTS_DIR; };
		E54EE34A2F83ECEC0021BD34 /* nangaTests.xctest */ = {isa = PBXFileReference; explicitFileType = wrapper.cfbundle; includeInIndex = 0; path = nangaTests.xctest; sourceTree = BUILT_PRODUCTS_DIR; };
		E54EE3542F83ECEC0021BD34 /* nangaUITests.xctest */ = {isa = PBXFileReference; explicitFileType = wrapper.cfbundle; includeInIndex = 0; path = nangaUITests.xctest; sourceTree = BUILT_PRODUCTS_DIR; };
		E54EE3652F83EEB70021BD34 /* AGENTS.md */ = {isa = PBXFileReference; lastKnownFileType = net.daringfireball.markdown; path = AGENTS.md; sourceTree = "<group>"; };
/* End PBXFileReference section */

/* Begin PBXFileSystemSynchronizedRootGroup section */
		E54EE33F2F83ECEA0021BD34 /* nanga */ = {
			isa = PBXFileSystemSynchronizedRootGroup;
			path = nanga;
			sourceTree = "<group>";
		};
		E54EE34D2F83ECEC0021BD34 /* nangaTests */ = {
			isa = PBXFileSystemSynchronizedRootGroup;
			path = nangaTests;
			sourceTree = "<group>";
		};
		E54EE3572F83ECEC0021BD34 /* nangaUITests */ = {
			isa = PBXFileSystemSynchronizedRootGroup;
			path = nangaUITests;
			sourceTree = "<group>";
		};
/* End PBXFileSystemSynchronizedRootGroup section */

/* Begin PBXFrameworksBuildPhase section */
		E54EE33A2F83ECEA0021BD34 /* Frameworks */ = {
			isa = PBXFrameworksBuildPhase;
			buildActionMask = 2147483647;
			files = (
			);
			runOnlyForDeploymentPostprocessing = 0;
		};
		E54EE3472F83ECEC0021BD34 /* Frameworks */ = {
			isa = PBXFrameworksBuildPhase;
			buildActionMask = 2147483647;
			files = (
			);
			runOnlyForDeploymentPostprocessing = 0;
		};
		E54EE3512F83ECEC0021BD34 /* Frameworks */ = {
			isa = PBXFrameworksBuildPhase;
			buildActionMask = 2147483647;
			files = (
			);
			runOnlyForDeploymentPostprocessing = 0;
		};
/* End PBXFrameworksBuildPhase section */

/* Begin PBXGroup section */
		E54EE3342F83ECEA0021BD34 = {
			isa = PBXGroup;
			children = (
				E54EE3652F83EEB70021BD34 /* AGENTS.md */,
				E54EE33F2F83ECEA0021BD34 /* nanga */,
				E54EE34D2F83ECEC0021BD34 /* nangaTests */,
				E54EE3572F83ECEC0021BD34 /* nangaUITests */,
				E54EE33E2F83ECEA0021BD34 /* Products */,
			);
			sourceTree = "<group>";
		};
		E54EE33E2F83ECEA0021BD34 /* Products */ = {
			isa = PBXGroup;
			children = (
				E54EE33D2F83ECEA0021BD34 /* nanga.app */,
				E54EE34A2F83ECEC0021BD34 /* nangaTests.xctest */,
				E54EE3542F83ECEC0021BD34 /* nangaUITests.xctest */,
			);
			name = Products;
			sourceTree = "<group>";
		};
/* End PBXGroup section */

/* Begin PBXNativeTarget section */
		E54EE33C2F83ECEA0021BD34 /* nanga */ = {
			isa = PBXNativeTarget;
			buildConfigurationList = E54EE35E2F83ECEC0021BD34 /* Build configuration list for PBXNativeTarget "nanga" */;
			buildPhases = (
				E54EE3392F83ECEA0021BD34 /* Sources */,
				E54EE33A2F83ECEA0021BD34 /* Frameworks */,
				E54EE33B2F83ECEA0021BD34 /* Resources */,
			);
			buildRules = (
			);
			dependencies = (
			);
			fileSystemSynchronizedGroups = (
				E54EE33F2F83ECEA0021BD34 /* nanga */,
			);
			name = nanga;
			packageProductDependencies = (
			);
			productName = nanga;
			productReference = E54EE33D2F83ECEA0021BD34 /* nanga.app */;
			productType = "com.apple.product-type.application";
		};
		E54EE3492F83ECEC0021BD34 /* nangaTests */ = {
			isa = PBXNativeTarget;
			buildConfigurationList = E54EE3612F83ECEC0021BD34 /* Build configuration list for PBXNativeTarget "nangaTests" */;
			buildPhases = (
				E54EE3462F83ECEC0021BD34 /* Sources */,
				E54EE3472F83ECEC0021BD34 /* Frameworks */,
				E54EE3482F83ECEC0021BD34 /* Resources */,
			);
			buildRules = (
			);
			dependencies = (
				E54EE34C2F83ECEC0021BD34 /* PBXTargetDependency */,
			);
			fileSystemSynchronizedGroups = (
				E54EE34D2F83ECEC0021BD34 /* nangaTests */,
			);
			name = nangaTests;
			packageProductDependencies = (
			);
			productName = nangaTests;
			productReference = E54EE34A2F83ECEC0021BD34 /* nangaTests.xctest */;
			productType = "com.apple.product-type.bundle.unit-test";
		};
		E54EE3532F83ECEC0021BD34 /* nangaUITests */ = {
			isa = PBXNativeTarget;
			buildConfigurationList = E54EE3642F83ECEC0021BD34 /* Build configuration list for PBXNativeTarget "nangaUITests" */;
			buildPhases = (
				E54EE3502F83ECEC0021BD34 /* Sources */,
				E54EE3512F83ECEC0021BD34 /* Frameworks */,
				E54EE3522F83ECEC0021BD34 /* Resources */,
			);
			buildRules = (
			);
			dependencies = (
				E54EE3562F83ECEC0021BD34 /* PBXTargetDependency */,
			);
			fileSystemSynchronizedGroups = (
				E54EE3572F83ECEC0021BD34 /* nangaUITests */,
			);
			name = nangaUITests;
			packageProductDependencies = (
			);
			productName = nangaUITests;
			productReference = E54EE3542F83ECEC0021BD34 /* nangaUITests.xctest */;
			productType = "com.apple.product-type.bundle.ui-testing";
		};
/* End PBXNativeTarget section */

/* Begin PBXProject section */
		E54EE3352F83ECEA0021BD34 /* Project object */ = {
			isa = PBXProject;
			attributes = {
				BuildIndependentTargetsInParallel = 1;
				LastSwiftUpdateCheck = 2630;
				LastUpgradeCheck = 2630;
				TargetAttributes = {
					E54EE33C2F83ECEA0021BD34 = {
						CreatedOnToolsVersion = 26.3;
					};
					E54EE3492F83ECEC0021BD34 = {
						CreatedOnToolsVersion = 26.3;
						TestTargetID = E54EE33C2F83ECEA0021BD34;
					};
					E54EE3532F83ECEC0021BD34 = {
						CreatedOnToolsVersion = 26.3;
						TestTargetID = E54EE33C2F83ECEA0021BD34;
					};
				};
			};
			buildConfigurationList = E54EE3382F83ECEA0021BD34 /* Build configuration list for PBXProject "nanga" */;
			developmentRegion = en;
			hasScannedForEncodings = 0;
			knownRegions = (
				en,
				Base,
			);
			mainGroup = E54EE3342F83ECEA0021BD34;
			minimizedProjectReferenceProxies = 1;
			preferredProjectObjectVersion = 77;
			productRefGroup = E54EE33E2F83ECEA0021BD34 /* Products */;
			projectDirPath = "";
			projectRoot = "";
			targets = (
				E54EE33C2F83ECEA0021BD34 /* nanga */,
				E54EE3492F83ECEC0021BD34 /* nangaTests */,
				E54EE3532F83ECEC0021BD34 /* nangaUITests */,
			);
		};
/* End PBXProject section */

/* Begin PBXResourcesBuildPhase section */
		E54EE33B2F83ECEA0021BD34 /* Resources */ = {
			isa = PBXResourcesBuildPhase;
			buildActionMask = 2147483647;
			files = (
			);
			runOnlyForDeploymentPostprocessing = 0;
		};
		E54EE3482F83ECEC0021BD34 /* Resources */ = {
			isa = PBXResourcesBuildPhase;
			buildActionMask = 2147483647;
			files = (
			);
			runOnlyForDeploymentPostprocessing = 0;
		};
		E54EE3522F83ECEC0021BD34 /* Resources */ = {
			isa = PBXResourcesBuildPhase;
			buildActionMask = 2147483647;
			files = (
			);
			runOnlyForDeploymentPostprocessing = 0;
		};
/* End PBXResourcesBuildPhase section */

/* Begin PBXSourcesBuildPhase section */
		E54EE3392F83ECEA0021BD34 /* Sources */ = {
			isa = PBXSourcesBuildPhase;
			buildActionMask = 2147483647;
			files = (
			);
			runOnlyForDeploymentPostprocessing = 0;
		};
		E54EE3462F83ECEC0021BD34 /* Sources */ = {
			isa = PBXSourcesBuildPhase;
			buildActionMask = 2147483647;
			files = (
			);
			runOnlyForDeploymentPostprocessing = 0;
		};
		E54EE3502F83ECEC0021BD34 /* Sources */ = {
			isa = PBXSourcesBuildPhase;
			buildActionMask = 2147483647;
			files = (
			);
			runOnlyForDeploymentPostprocessing = 0;
		};
/* End PBXSourcesBuildPhase section */

/* Begin PBXTargetDependency section */
		E54EE34C2F83ECEC0021BD34 /* PBXTargetDependency */ = {
			isa = PBXTargetDependency;
			target = E54EE33C2F83ECEA0021BD34 /* nanga */;
			targetProxy = E54EE34B2F83ECEC0021BD34 /* PBXContainerItemProxy */;
		};
		E54EE3562F83ECEC0021BD34 /* PBXTargetDependency */ = {
			isa = PBXTargetDependency;
			target = E54EE33C2F83ECEA0021BD34 /* nanga */;
			targetProxy = E54EE3552F83ECEC0021BD34 /* PBXContainerItemProxy */;
		};
/* End PBXTargetDependency section */

/* Begin XCBuildConfiguration section */
		E54EE35C2F83ECEC0021BD34 /* Debug */ = {
			isa = XCBuildConfiguration;
			buildSettings = {
				ALWAYS_SEARCH_USER_PATHS = NO;
				ASSETCATALOG_COMPILER_GENERATE_SWIFT_ASSET_SYMBOL_EXTENSIONS = YES;
				CLANG_ANALYZER_NONNULL = YES;
				CLANG_ANALYZER_NUMBER_OBJECT_CONVERSION = YES_AGGRESSIVE;
				CLANG_CXX_LANGUAGE_STANDARD = "gnu++20";
				CLANG_ENABLE_MODULES = YES;
				CLANG_ENABLE_OBJC_ARC = YES;
				CLANG_ENABLE_OBJC_WEAK = YES;
				CLANG_WARN_BLOCK_CAPTURE_AUTORELEASING = YES;
				CLANG_WARN_BOOL_CONVERSION = YES;
				CLANG_WARN_COMMA = YES;
				CLANG_WARN_CONSTANT_CONVERSION = YES;
				CLANG_WARN_DEPRECATED_OBJC_IMPLEMENTATIONS = YES;
				CLANG_WARN_DIRECT_OBJC_ISA_USAGE = YES_ERROR;
				CLANG_WARN_DOCUMENTATION_COMMENTS = YES;
				CLANG_WARN_EMPTY_BODY = YES;
				CLANG_WARN_ENUM_CONVERSION = YES;
				CLANG_WARN_INFINITE_RECURSION = YES;
				CLANG_WARN_INT_CONVERSION = YES;
				CLANG_WARN_NON_LITERAL_NULL_CONVERSION = YES;
				CLANG_WARN_OBJC_IMPLICIT_RETAIN_SELF = YES;
				CLANG_WARN_OBJC_LITERAL_CONVERSION = YES;
				CLANG_WARN_OBJC_ROOT_CLASS = YES_ERROR;
				CLANG_WARN_QUOTED_INCLUDE_IN_FRAMEWORK_HEADER = YES;
				CLANG_WARN_RANGE_LOOP_ANALYSIS = YES;
				CLANG_WARN_STRICT_PROTOTYPES = YES;
				CLANG_WARN_SUSPICIOUS_MOVE = YES;
				CLANG_WARN_UNGUARDED_AVAILABILITY = YES_AGGRESSIVE;
				CLANG_WARN_UNREACHABLE_CODE = YES;
				CLANG_WARN__DUPLICATE_METHOD_MATCH = YES;
				COPY_PHASE_STRIP = NO;
				DEBUG_INFORMATION_FORMAT = dwarf;
				DEVELOPMENT_TEAM = 9A98AF2XPL;
				ENABLE_STRICT_OBJC_MSGSEND = YES;
				ENABLE_TESTABILITY = YES;
				ENABLE_USER_SCRIPT_SANDBOXING = YES;
				GCC_C_LANGUAGE_STANDARD = gnu17;
				GCC_DYNAMIC_NO_PIC = NO;
				GCC_NO_COMMON_BLOCKS = YES;
				GCC_OPTIMIZATION_LEVEL = 0;
				GCC_PREPROCESSOR_DEFINITIONS = (
					"DEBUG=1",
					"$(inherited)",
				);
				GCC_WARN_64_TO_32_BIT_CONVERSION = YES;
				GCC_WARN_ABOUT_RETURN_TYPE = YES_ERROR;
				GCC_WARN_UNDECLARED_SELECTOR = YES;
				GCC_WARN_UNINITIALIZED_AUTOS = YES_AGGRESSIVE;
				GCC_WARN_UNUSED_FUNCTION = YES;
				GCC_WARN_UNUSED_VARIABLE = YES;
				LOCALIZATION_PREFERS_STRING_CATALOGS = YES;
				MACOSX_DEPLOYMENT_TARGET = 26.2;
				MTL_ENABLE_DEBUG_INFO = INCLUDE_SOURCE;
				MTL_FAST_MATH = YES;
				ONLY_ACTIVE_ARCH = YES;
				SDKROOT = macosx;
				SWIFT_ACTIVE_COMPILATION_CONDITIONS = "DEBUG $(inherited)";
				SWIFT_OPTIMIZATION_LEVEL = "-Onone";
			};
			name = Debug;
		};
		E54EE35D2F83ECEC0021BD34 /* Release */ = {
			isa = XCBuildConfiguration;
			buildSettings = {
				ALWAYS_SEARCH_USER_PATHS = NO;
				ASSETCATALOG_COMPILER_GENERATE_SWIFT_ASSET_SYMBOL_EXTENSIONS = YES;
				CLANG_ANALYZER_NONNULL = YES;
				CLANG_ANALYZER_NUMBER_OBJECT_CONVERSION = YES_AGGRESSIVE;
				CLANG_CXX_LANGUAGE_STANDARD = "gnu++20";
				CLANG_ENABLE_MODULES = YES;
				CLANG_ENABLE_OBJC_ARC = YES;
				CLANG_ENABLE_OBJC_WEAK = YES;
				CLANG_WARN_BLOCK_CAPTURE_AUTORELEASING = YES;
				CLANG_WARN_BOOL_CONVERSION = YES;
				CLANG_WARN_COMMA = YES;
				CLANG_WARN_CONSTANT_CONVERSION = YES;
				CLANG_WARN_DEPRECATED_OBJC_IMPLEMENTATIONS = YES;
				CLANG_WARN_DIRECT_OBJC_ISA_USAGE = YES_ERROR;
				CLANG_WARN_DOCUMENTATION_COMMENTS = YES;
				CLANG_WARN_EMPTY_BODY = YES;
				CLANG_WARN_ENUM_CONVERSION = YES;
				CLANG_WARN_INFINITE_RECURSION = YES;
				CLANG_WARN_INT_CONVERSION = YES;
				CLANG_WARN_NON_LITERAL_NULL_CONVERSION = YES;
				CLANG_WARN_OBJC_IMPLICIT_RETAIN_SELF = YES;
				CLANG_WARN_OBJC_LITERAL_CONVERSION = YES;
				CLANG_WARN_OBJC_ROOT_CLASS = YES_ERROR;
				CLANG_WARN_QUOTED_INCLUDE_IN_FRAMEWORK_HEADER = YES;
				CLANG_WARN_RANGE_LOOP_ANALYSIS = YES;
				CLANG_WARN_STRICT_PROTOTYPES = YES;
				CLANG_WARN_SUSPICIOUS_MOVE = YES;
				CLANG_WARN_UNGUARDED_AVAILABILITY = YES_AGGRESSIVE;
				CLANG_WARN_UNREACHABLE_CODE = YES;
				CLANG_WARN__DUPLICATE_METHOD_MATCH = YES;
				COPY_PHASE_STRIP = NO;
				DEBUG_INFORMATION_FORMAT = "dwarf-with-dsym";
				DEVELOPMENT_TEAM = 9A98AF2XPL;
				ENABLE_NS_ASSERTIONS = NO;
				ENABLE_STRICT_OBJC_MSGSEND = YES;
				ENABLE_USER_SCRIPT_SANDBOXING = YES;
				GCC_C_LANGUAGE_STANDARD = gnu17;
				GCC_NO_COMMON_BLOCKS = YES;
				GCC_WARN_64_TO_32_BIT_CONVERSION = YES;
				GCC_WARN_ABOUT_RETURN_TYPE = YES_ERROR;
				GCC_WARN_UNDECLARED_SELECTOR = YES;
				GCC_WARN_UNINITIALIZED_AUTOS = YES_AGGRESSIVE;
				GCC_WARN_UNUSED_FUNCTION = YES;
				GCC_WARN_UNUSED_VARIABLE = YES;
				LOCALIZATION_PREFERS_STRING_CATALOGS = YES;
				MACOSX_DEPLOYMENT_TARGET = 26.2;
				MTL_ENABLE_DEBUG_INFO = NO;
				MTL_FAST_MATH = YES;
				SDKROOT = macosx;
				SWIFT_COMPILATION_MODE = wholemodule;
			};
			name = Release;
		};
		E54EE35F2F83ECEC0021BD34 /* Debug */ = {
			isa = XCBuildConfiguration;
			buildSettings = {
				ASSETCATALOG_COMPILER_APPICON_NAME = AppIcon;
				ASSETCATALOG_COMPILER_GLOBAL_ACCENT_COLOR_NAME = AccentColor;
				CODE_SIGN_STYLE = Automatic;
				COMBINE_HIDPI_IMAGES = YES;
				CURRENT_PROJECT_VERSION = 1;
				DEVELOPMENT_TEAM = 9A98AF2XPL;
				ENABLE_APP_SANDBOX = YES;
				ENABLE_HARDENED_RUNTIME = YES;
				ENABLE_PREVIEWS = YES;
				ENABLE_USER_SELECTED_FILES = readonly;
				GENERATE_INFOPLIST_FILE = YES;
				INFOPLIST_KEY_NSHumanReadableCopyright = "";
				LD_RUNPATH_SEARCH_PATHS = (
					"$(inherited)",
					"@executable_path/../Frameworks",
				);
				MARKETING_VERSION = 1.0;
				PRODUCT_BUNDLE_IDENTIFIER = viazikarai.nanga;
				PRODUCT_NAME = "$(TARGET_NAME)";
				REGISTER_APP_GROUPS = YES;
				STRING_CATALOG_GENERATE_SYMBOLS = YES;
				SWIFT_APPROACHABLE_CONCURRENCY = YES;
				SWIFT_DEFAULT_ACTOR_ISOLATION = MainActor;
				SWIFT_EMIT_LOC_STRINGS = YES;
				SWIFT_UPCOMING_FEATURE_MEMBER_IMPORT_VISIBILITY = YES;
				SWIFT_VERSION = 5.0;
			};
			name = Debug;
		};
		E54EE3602F83ECEC0021BD34 /* Release */ = {
			isa = XCBuildConfiguration;
			buildSettings = {
				ASSETCATALOG_COMPILER_APPICON_NAME = AppIcon;
				ASSETCATALOG_COMPILER_GLOBAL_ACCENT_COLOR_NAME = AccentColor;
				CODE_SIGN_STYLE = Automatic;
				COMBINE_HIDPI_IMAGES = YES;
				CURRENT_PROJECT_VERSION = 1;
				DEVELOPMENT_TEAM = 9A98AF2XPL;
				ENABLE_APP_SANDBOX = YES;
				ENABLE_HARDENED_RUNTIME = YES;
				ENABLE_PREVIEWS = YES;
				ENABLE_USER_SELECTED_FILES = readonly;
				GENERATE_INFOPLIST_FILE = YES;
				INFOPLIST_KEY_NSHumanReadableCopyright = "";
				LD_RUNPATH_SEARCH_PATHS = (
					"$(inherited)",
					"@executable_path/../Frameworks",
				);
				MARKETING_VERSION = 1.0;
				PRODUCT_BUNDLE_IDENTIFIER = viazikarai.nanga;
				PRODUCT_NAME = "$(TARGET_NAME)";
				REGISTER_APP_GROUPS = YES;
				STRING_CATALOG_GENERATE_SYMBOLS = YES;
				SWIFT_APPROACHABLE_CONCURRENCY = YES;
				SWIFT_DEFAULT_ACTOR_ISOLATION = MainActor;
				SWIFT_EMIT_LOC_STRINGS = YES;
				SWIFT_UPCOMING_FEATURE_MEMBER_IMPORT_VISIBILITY = YES;
				SWIFT_VERSION = 5.0;
			};
			name = Release;
		};
		E54EE3622F83ECEC0021BD34 /* Debug */ = {
			isa = XCBuildConfiguration;
			buildSettings = {
				BUNDLE_LOADER = "$(TEST_HOST)";
				CODE_SIGN_STYLE = Automatic;
				CURRENT_PROJECT_VERSION = 1;
				DEVELOPMENT_TEAM = 9A98AF2XPL;
				GENERATE_INFOPLIST_FILE = YES;
				MACOSX_DEPLOYMENT_TARGET = 26.2;
				MARKETING_VERSION = 1.0;
				PRODUCT_BUNDLE_IDENTIFIER = viazikarai.nangaTests;
				PRODUCT_NAME = "$(TARGET_NAME)";
				STRING_CATALOG_GENERATE_SYMBOLS = NO;
				SWIFT_APPROACHABLE_CONCURRENCY = YES;
				SWIFT_EMIT_LOC_STRINGS = NO;
				SWIFT_UPCOMING_FEATURE_MEMBER_IMPORT_VISIBILITY = YES;
				SWIFT_VERSION = 5.0;
				TEST_HOST = "$(BUILT_PRODUCTS_DIR)/nanga.app/$(BUNDLE_EXECUTABLE_FOLDER_PATH)/nanga";
			};
			name = Debug;
		};
		E54EE3632F83ECEC0021BD34 /* Release */ = {
			isa = XCBuildConfiguration;
			buildSettings = {
				BUNDLE_LOADER = "$(TEST_HOST)";
				CODE_SIGN_STYLE = Automatic;
				CURRENT_PROJECT_VERSION = 1;
				DEVELOPMENT_TEAM = 9A98AF2XPL;
				GENERATE_INFOPLIST_FILE = YES;
				MACOSX_DEPLOYMENT_TARGET = 26.2;
				MARKETING_VERSION = 1.0;
				PRODUCT_BUNDLE_IDENTIFIER = viazikarai.nangaTests;
				PRODUCT_NAME = "$(TARGET_NAME)";
				STRING_CATALOG_GENERATE_SYMBOLS = NO;
				SWIFT_APPROACHABLE_CONCURRENCY = YES;
				SWIFT_EMIT_LOC_STRINGS = NO;
				SWIFT_UPCOMING_FEATURE_MEMBER_IMPORT_VISIBILITY = YES;
				SWIFT_VERSION = 5.0;
				TEST_HOST = "$(BUILT_PRODUCTS_DIR)/nanga.app/$(BUNDLE_EXECUTABLE_FOLDER_PATH)/nanga";
			};
			name = Release;
		};
		E54EE3652F83ECEC0021BD34 /* Debug */ = {
			isa = XCBuildConfiguration;
			buildSettings = {
				CODE_SIGN_STYLE = Automatic;
				CURRENT_PROJECT_VERSION = 1;
				DEVELOPMENT_TEAM = 9A98AF2XPL;
				GENERATE_INFOPLIST_FILE = YES;
				MARKETING_VERSION = 1.0;
				PRODUCT_BUNDLE_IDENTIFIER = viazikarai.nangaUITests;
				PRODUCT_NAME = "$(TARGET_NAME)";
				STRING_CATALOG_GENERATE_SYMBOLS = NO;
				SWIFT_APPROACHABLE_CONCURRENCY = YES;
				SWIFT_EMIT_LOC_STRINGS = NO;
				SWIFT_UPCOMING_FEATURE_MEMBER_IMPORT_VISIBILITY = YES;
				SWIFT_VERSION = 5.0;
				TEST_TARGET_NAME = nanga;
			};
			name = Debug;
		};
		E54EE3662F83ECEC0021BD34 /* Release */ = {
			isa = XCBuildConfiguration;
			buildSettings = {
				CODE_SIGN_STYLE = Automatic;
				CURRENT_PROJECT_VERSION = 1;
				DEVELOPMENT_TEAM = 9A98AF2XPL;
				GENERATE_INFOPLIST_FILE = YES;
				MARKETING_VERSION = 1.0;
				PRODUCT_BUNDLE_IDENTIFIER = viazikarai.nangaUITests;
				PRODUCT_NAME = "$(TARGET_NAME)";
				STRING_CATALOG_GENERATE_SYMBOLS = NO;
				SWIFT_APPROACHABLE_CONCURRENCY = YES;
				SWIFT_EMIT_LOC_STRINGS = NO;
				SWIFT_UPCOMING_FEATURE_MEMBER_IMPORT_VISIBILITY = YES;
				SWIFT_VERSION = 5.0;
				TEST_TARGET_NAME = nanga;
			};
			name = Release;
		};
/* End XCBuildConfiguration section */

/* Begin XCConfigurationList section */
		E54EE3382F83ECEA0021BD34 /* Build configuration list for PBXProject "nanga" */ = {
			isa = XCConfigurationList;
			buildConfigurations = (
				E54EE35C2F83ECEC0021BD34 /* Debug */,
				E54EE35D2F83ECEC0021BD34 /* Release */,
			);
			defaultConfigurationIsVisible = 0;
			defaultConfigurationName = Release;
		};
		E54EE35E2F83ECEC0021BD34 /* Build configuration list for PBXNativeTarget "nanga" */ = {
			isa = XCConfigurationList;
			buildConfigurations = (
				E54EE35F2F83ECEC0021BD34 /* Debug */,
				E54EE3602F83ECEC0021BD34 /* Release */,
			);
			defaultConfigurationIsVisible = 0;
			defaultConfigurationName = Release;
		};
		E54EE3612F83ECEC0021BD34 /* Build configuration list for PBXNativeTarget "nangaTests" */ = {
			isa = XCConfigurationList;
			buildConfigurations = (
				E54EE3622F83ECEC0021BD34 /* Debug */,
				E54EE3632F83ECEC0021BD34 /* Release */,
			);
			defaultConfigurationIsVisible = 0;
			defaultConfigurationName = Release;
		};
		E54EE3642F83ECEC0021BD34 /* Build configuration list for PBXNativeTarget "nangaUITests" */ = {
			isa = XCConfigurationList;
			buildConfigurations = (
				E54EE3652F83ECEC0021BD34 /* Debug */,
				E54EE3662F83ECEC0021BD34 /* Release */,
			);
			defaultConfigurationIsVisible = 0;
			defaultConfigurationName = Release;
		};
/* End XCConfigurationList section */
	};
	rootObject = E54EE3352F83ECEA0021BD34 /* Project object */;
}
